
Microsoft Visual Studio Solution File, Format Version 12.00
# Visual Studio Version 17
VisualStudioVersion = 17.0.31903.59
MinimumVisualStudioVersion = 10.0.40219.1
Project("{2150E333-8FDC-42A3-9474-1A3956D46DE8}") = "src", "src", "{827E0CD3-B72D-47B6-A68D-7590B98EB39B}"
EndProject
Project("{2150E333-8FDC-42A3-9474-1A3956D46DE8}") = "Core", "Core", "{8D626EA8-CB54-BC41-363A-217881BEBA6E}"
EndProject
Project("{FAE04EC0-301F-11D3-BF4B-00C04F79EFBC}") = "Corelio.Domain", "src\Core\Corelio.Domain\Corelio.Domain.csproj", "{C95FECD1-B133-4361-87F5-8E27FA5A7A72}"
EndProject
Project("{FAE04EC0-301F-11D3-BF4B-00C04F79EFBC}") = "Corelio.Application", "src\Core\Corelio.Application\Corelio.Application.csproj", "{D886D26E-ACDB-4FBC-88B2-BBB2AA6AEF49}"
EndProject
Project("{2150E333-8FDC-42A3-9474-1A3956D46DE8}") = "Infrastructure", "Infrastructure", "{9048EB7F-3875-A59E-E36B-5BD4C6F2A282}"
EndProject
Project("{FAE04EC0-301F-11D3-BF4B-00C04F79EFBC}") = "Corelio.Infrastructure", "src\Infrastructure\Corelio.Infrastructure\Corelio.Infrastructure.csproj", "{63E65FD9-17FC-4C23-A218-ABB0E89691BE}"
EndProject
Project("{2150E333-8FDC-42A3-9474-1A3956D46DE8}") = "Presentation", "Presentation", "{6996BBF7-DB31-59BC-C7DD-9A7CCC6138C4}"
EndProject
Project("{FAE04EC0-301F-11D3-BF4B-00C04F79EFBC}") = "Corelio.WebAPI", "src\Presentation\Corelio.WebAPI\Corelio.WebAPI.csproj", "{E6AEBBAE-C095-4FBD-A1BB-5994F1AB6B8C}"
EndProject
Project("{FAE04EC0-301F-11D3-BF4B-00C04F79EFBC}") = "Corelio.ServiceDefaults", "src\Aspire\Corelio.ServiceDefaults\Corelio.ServiceDefaults.csproj", "{B1B681FA-BC65-45D9-8F3C-A9C9B8103EA1}"
EndProject
Project("{FAE04EC0-301F-11D3-BF4B-00C04F79EFBC}") = "Corelio.BlazorApp", "src\Presentation\Corelio.BlazorApp\Corelio.BlazorApp.csproj", "{62607C1B-89B3-46FE-ACC0-AFB0507B718F}"
EndProject
Project("{2150E333-8FDC-42A3-9474-1A3956D46DE8}") = "Aspire", "Aspire", "{52BF7FB6-37FF-5100-EFD1-124EFF302675}"
EndProject
Project("{FAE04EC0-301F-11D3-BF4B-00C04F79EFBC}") = "Corelio.AppHost", "src\Aspire\Corelio.AppHost\Corelio.AppHost.csproj", "{54CD599B-27A4-4902-8CA3-E216F3121B04}"
EndProject
Project("{2150E333-8FDC-42A3-9474-1A3956D46DE8}") = "tests", "tests", "{0AB3BF05-4346-4AA6-1389-037BE0695223}"
EndProject
Project("{FAE04EC0-301F-11D3-BF4B-00C04F79EFBC}") = "Corelio.Domain.Tests", "tests\Corelio.Domain.Tests\Corelio.Domain.Tests.csproj", "{D0B9837B-7C6B-44D8-90D4-F0A27FA00C01}"
EndProject
Project("{FAE04EC0-301F-11D3-BF4B-00C04F79EFBC}") = "Corelio.Application.Tests", "tests\Corelio.Application.Tests\Corelio.Application.Tests.csproj", "{8C1A0EE9-80E9-4075-B0B8-1FDEEDE39BE7}"
EndProject
Project("{FAE04EC0-301F-11D3-BF4B-00C04F79EFBC}") = "Corelio.Infrastructure.Tests", "tests\Corelio.Infrastructure.Tests\Corelio.Infrastructure.Tests.csproj", "{A78E8C54-CF6B-49F2-A53D-F3BB21E5D702}"
EndProject
Project("{FAE04EC0-301F-11D3-BF4B-00C04F79EFBC}") = "Corelio.Integration.Tests", "tests\Corelio.Integration.Tests\Corelio.Integration.Tests.csproj", "{F964CAEC-04ED-4503-B5DB-42D58C4598C0}"
EndProject
Project("{FAE04EC0-301F-11D3-BF4B-00C04F79EFBC}") = "Corelio.SharedKernel", "src\Core\Corelio.SharedKernel\Corelio.SharedKernel.csproj", "{179BE804-DFAE-4C8E-9124-62A1D3B29D80}"
EndProject
Global
	GlobalSection(SolutionConfigurationPlatforms) = preSolution
		Debug|Any CPU = Debug|Any CPU
		Debug|x64 = Debug|x64
		Debug|x86 = Debug|x86
		Release|Any CPU = Release|Any CPU
		Release|x64 = Release|x64
		Release|x86 = Release|x86
	EndGlobalSection
	GlobalSection(ProjectConfigurationPlatforms) = postSolution
		{C95FECD1-B133-4361-87F5-8E27FA5A7A72}.Debug|Any CPU.ActiveCfg = Debug|Any CPU
		{C95FECD1-B133-4361-87F5-8E27FA5A7A72}.Debug|Any CPU.Build.0 = Debug|Any CPU
		{C95FECD1-B133-4361-87F5-8E27FA5A7A72}.Debug|x64.ActiveCfg = Debug|Any CPU
		{C95FECD1-B133-4361-87F5-8E27FA5A7A72}.Debug|x64.Build.0 = Debug|Any CPU
		{C95FECD1-B133-4361-87F5-8E27FA5A7A72}.Debug|x86.ActiveCfg = Debug|Any CPU
		{C95FECD1-B133-4361-87F5-8E27FA5A7A72}.Debug|x86.Build.0 = Debug|Any CPU
		{C95FECD1-B133-4361-87F5-8E27FA5A7A72}.Release|Any CPU.ActiveCfg = Release|Any CPU
		{C95FECD1-B133-4361-87F5-8E27FA5A7A72}.Release|Any CPU.Build.0 = Release|Any CPU
		{C95FECD1-B133-4361-87F5-8E27FA5A7A72}.Release|x64.ActiveCfg = Release|Any CPU
		{C95FECD1-B133-4361-87F5-8E27FA5A7A72}.Release|x64.Build.0 = Release|Any CPU
		{C95FECD1-B133-4361-87F5-8E27FA5A7A72}.Release|x86.ActiveCfg = Release|Any CPU
		{C95FECD1-B133-4361-87F5-8E27FA5A7A72}.Release|x86.Build.0 = Release|Any CPU
		{D886D26E-ACDB-4FBC-88B2-BBB2AA6AEF49}.Debug|Any CPU.ActiveCfg = Debug|Any CPU
		{D886D26E-ACDB-4FBC-88B2-BBB2AA6AEF49}.Debug|Any CPU.Build.0 = Debug|Any CPU
		{D886D26E-ACDB-4FBC-88B2-BBB2AA6AEF49}.Debug|x64.ActiveCfg = Debug|Any CPU
		{D886D26E-ACDB-4FBC-88B2-BBB2AA6AEF49}.Debug|x64.Build.0 = Debug|Any CPU
		{D886D26E-ACDB-4FBC-88B2-BBB2AA6AEF49}.Debug|x86.ActiveCfg = Debug|Any CPU
		{D886D26E-ACDB-4FBC-88B2-BBB2AA6AEF49}.Debug|x86.Build.0 = Debug|Any CPU
		{D886D26E-ACDB-4FBC-88B2-BBB2AA6AEF49}.Release|Any CPU.ActiveCfg = Release|Any CPU
		{D886D26E-ACDB-4FBC-88B2-BBB2AA6AEF49}.Release|Any CPU.Build.0 = Release|Any CPU
		{D886D26E-ACDB-4FBC-88B2-BBB2AA6AEF49}.Release|x64.ActiveCfg = Release|Any CPU
		{D886D26E-ACDB-4FBC-88B2-BBB2AA6AEF49}.Release|x64.Build.0 = Release|Any CPU
		{D886D26E-ACDB-4FBC-88B2-BBB2AA6AEF49}.Release|x86.ActiveCfg = Release|Any CPU
		{D886D26E-ACDB-4FBC-88B2-BBB2AA6AEF49}.Release|x86.Build.0 = Release|Any CPU
		{63E65FD9-17FC-4C23-A218-ABB0E89691BE}.Debug|Any CPU.ActiveCfg = Debug|Any CPU
		{63E65FD9-17FC-4C23-A218-ABB0E89691BE}.Debug|Any CPU.Build.0 = Debug|Any CPU
		{63E65FD9-17FC-4C23-A218-ABB0E89691BE}.Debug|x64.ActiveCfg = Debug|Any CPU
		{63E65FD9-17FC-4C23-A218-ABB0E89691BE}.Debug|x64.Build.0 = Debug|Any CPU
		{63E65FD9-17FC-4C23-A218-ABB0E89691BE}.Debug|x86.ActiveCfg = Debug|Any CPU
		{63E65FD9-17FC-4C23-A218-ABB0E89691BE}.Debug|x86.Build.0 = Debug|Any CPU
		{63E65FD9-17FC-4C23-A218-ABB0E89691BE}.Release|Any CPU.ActiveCfg = Release|Any CPU
		{63E65FD9-17FC-4C23-A218-ABB0E89691BE}.Release|Any CPU.Build.0 = Release|Any CPU
		{63E65FD9-17FC-4C23-A218-ABB0E89691BE}.Release|x64.ActiveCfg = Release|Any CPU
		{63E65FD9-17FC-4C23-A218-ABB0E89691BE}.Release|x64.Build.0 = Release|Any CPU
		{63E65FD9-17FC-4C23-A218-ABB0E89691BE}.Release|x86.ActiveCfg = Release|Any CPU
		{63E65FD9-17FC-4C23-A218-ABB0E89691BE}.Release|x86.Build.0 = Release|Any CPU
		{E6AEBBAE-C095-4FBD-A1BB-5994F1AB6B8C}.Debug|Any CPU.ActiveCfg = Debug|Any CPU
		{E6AEBBAE-C095-4FBD-A1BB-5994F1AB6B8C}.Debug|Any CPU.Build.0 = Debug|Any CPU
		{E6AEBBAE-C095-4FBD-A1BB-5994F1AB6B8C}.Debug|x64.ActiveCfg = Debug|Any CPU
		{E6AEBBAE-C095-4FBD-A1BB-5994F1AB6B8C}.Debug|x64.Build.0 = Debug|Any CPU
		{E6AEBBAE-C095-4FBD-A1BB-5994F1AB6B8C}.Debug|x86.ActiveCfg = Debug|Any CPU
		{E6AEBBAE-C095-4FBD-A1BB-5994F1AB6B8C}.Debug|x86.Build.0 = Debug|Any CPU
		{E6AEBBAE-C095-4FBD-A1BB-5994F1AB6B8C}.Release|Any CPU.ActiveCfg = Release|Any CPU
		{E6AEBBAE-C095-4FBD-A1BB-5994F1AB6B8C}.Release|Any CPU.Build.0 = Release|Any CPU
		{E6AEBBAE-C095-4FBD-A1BB-5994F1AB6B8C}.Release|x64.ActiveCfg = Release|Any CPU
		{E6AEBBAE-C095-4FBD-A1BB-5994F1AB6B8C}.Release|x64.Build.0 = Release|Any CPU
		{E6AEBBAE-C095-4FBD-A1BB-5994F1AB6B8C}.Release|x86.ActiveCfg = Release|Any CPU
		{E6AEBBAE-C095-4FBD-A1BB-5994F1AB6B8C}.Release|x86.Build.0 = Release|Any CPU
		{B1B681FA-BC65-45D9-8F3C-A9C9B8103EA1}.Debug|Any CPU.ActiveCfg = Debug|Any CPU
		{B1B681FA-BC65-45D9-8F3C-A9C9B8103EA1}.Debug|Any CPU.Build.0 = Debug|Any CPU
		{B1B681FA-BC65-45D9-8F3C-A9C9B8103EA1}.Debug|x64.ActiveCfg = Debug|Any CPU
		{B1B681FA-BC65-45D9-8F3C-A9C9B8103EA1}.Debug|x64.Build.0 = Debug|Any CPU
		{B1B681FA-BC65-45D9-8F3C-A9C9B8103EA1}.Debug|x86.ActiveCfg = Debug|Any CPU
		{B1B681FA-BC65-45D9-8F3C-A9C9B8103EA1}.Debug|x86.Build.0 = Debug|Any CPU
		{B1B681FA-BC65-45D9-8F3C-A9C9B8103EA1}.Release|Any CPU.ActiveCfg = Release|Any CPU
		{B1B681FA-BC65-45D9-8F3C-A9C9B8103EA1}.Release|Any CPU.Build.0 = Release|Any CPU
		{B1B681FA-BC65-45D9-8F3C-A9C9B8103EA1}.Release|x64.ActiveCfg = Release|Any CPU
		{B1B681FA-BC65-45D9-8F3C-A9C9B8103EA1}.Release|x64.Build.0 = Release|Any CPU
		{B1B681FA-BC65-45D9-8F3C-A9C9B8103EA1}.Release|x86.ActiveCfg = Release|Any CPU
		{B1B681FA-BC65-45D9-8F3C-A9C9B8103EA1}.Release|x86.Build.0 = Release|Any CPU
		{62607C1B-89B3-46FE-ACC0-AFB0507B718F}.Debug|Any CPU.ActiveCfg = Debug|Any CPU
		{62607C1B-89B3-46FE-ACC0-AFB0507B718F}.Debug|Any CPU.Build.0 = Debug|Any CPU
		{62607C1B-89B3-46FE-ACC0-AFB0507B718F}.Debug|x64.ActiveCfg = Debug|Any CPU
		{62607C1B-89B3-46FE-ACC0-AFB0507B718F}.Debug|x64.Build.0 = Debug|Any CPU
		{62607C1B-89B3-46FE-ACC0-AFB0507B718F}.Debug|x86.ActiveCfg = Debug|Any CPU
		{62607C1B-89B3-46FE-ACC0-AFB0507B718F}.Debug|x86.Build.0 = Debug|Any CPU
		{62607C1B-89B3-46FE-ACC0-AFB0507B718F}.Release|Any CPU.ActiveCfg = Release|Any CPU
		{62607C1B-89B3-46FE-ACC0-AFB0507B718F}.Release|Any CPU.Build.0 = Release|Any CPU
		{62607C1B-89B3-46FE-ACC0-AFB0507B718F}.Release|x64.ActiveCfg = Release|Any CPU
		{62607C1B-89B3-46FE-ACC0-AFB0507B718F}.Release|x64.Build.0 = Release|Any CPU
		{62607C1B-89B3-46FE-ACC0-AFB0507B718F}.Release|x86.ActiveCfg = Release|Any CPU
		{62607C1B-89B3-46FE-ACC0-AFB0507B718F}.Release|x86.Build.0 = Release|Any CPU
		{54CD599B-27A4-4902-8CA3-E216F3121B04}.Debug|Any CPU.ActiveCfg = Debug|Any CPU
		{54CD599B-27A4-4902-8CA3-E216F3121B04}.Debug|Any CPU.Build.0 = Debug|Any CPU
		{54CD599B-27A4-4902-8CA3-E216F3121B04}.Debug|x64.ActiveCfg = Debug|Any CPU
		{54CD599B-27A4-4902-8CA3-E216F3121B04}.Debug|x64.Build.0 = Debug|Any CPU
		{54CD599B-27A4-4902-8CA3-E216F3121B04}.Debug|x86.ActiveCfg = Debug|Any CPU
		{54CD599B-27A4-4902-8CA3-E216F3121B04}.Debug|x86.Build.0 = Debug|Any CPU
		{54CD599B-27A4-4902-8CA3-E216F3121B04}.Release|Any CPU.ActiveCfg = Release|Any CPU
		{54CD599B-27A4-4902-8CA3-E216F3121B04}.Release|Any CPU.Build.0 = Release|Any CPU
		{54CD599B-27A4-4902-8CA3-E216F3121B04}.Release|x64.ActiveCfg = Release|Any CPU
		{54CD599B-27A4-4902-8CA3-E216F3121B04}.Release|x64.Build.0 = Release|Any CPU
		{54CD599B-27A4-4902-8CA3-E216F3121B04}.Release|x86.ActiveCfg = Release|Any CPU
		{54CD599B-27A4-4902-8CA3-E216F3121B04}.Release|x86.Build.0 = Release|Any CPU
		{D0B9837B-7C6B-44D8-90D4-F0A27FA00C01}.Debug|Any CPU.ActiveCfg = Debug|Any CPU
		{D0B9837B-7C6B-44D8-90D4-F0A27FA00C01}.Debug|Any CPU.Build.0 = Debug|Any CPU
		{D0B9837B-7C6B-44D8-90D4-F0A27FA00C01}.Debug|x64.ActiveCfg = Debug|Any CPU
		{D0B9837B-7C6B-44D8-90D4-F0A27FA00C01}.Debug|x64.Build.0 = Debug|Any CPU
		{D0B9837B-7C6B-44D8-90D4-F0A27FA00C01}.Debug|x86.ActiveCfg = Debug|Any CPU
		{D0B9837B-7C6B-44D8-90D4-F0A27FA00C01}.Debug|x86.Build.0 = Debug|Any CPU
		{D0B9837B-7C6B-44D8-90D4-F0A27FA00C01}.Release|Any CPU.ActiveCfg = Release|Any CPU
		{D0B9837B-7C6B-44D8-90D4-F0A27FA00C01}.Release|Any CPU.Build.0 = Release|Any CPU
		{D0B9837B-7C6B-44D8-90D4-F0A27FA00C01}.Release|x64.ActiveCfg = Release|Any CPU
		{D0B9837B-7C6B-44D8-90D4-F0A27FA00C01}.Release|x64.Build.0 = Release|Any CPU
		{D0B9837B-7C6B-44D8-90D4-F0A27FA00C01}.Release|x86.ActiveCfg = Release|Any CPU
		{D0B9837B-7C6B-44D8-90D4-F0A27FA00C01}.Release|x86.Build.0 = Release|Any CPU
		{8C1A0EE9-80E9-4075-B0B8-1FDEEDE39BE7}.Debug|Any CPU.ActiveCfg = Debug|Any CPU
		{8C1A0EE9-80E9-4075-B0B8-1FDEEDE39BE7}.Debug|Any CPU.Build.0 = Debug|Any CPU
		{8C1A0EE9-80E9-4075-B0B8-1FDEEDE39BE7}.Debug|x64.ActiveCfg = Debug|Any CPU
		{8C1A0EE9-80E9-4075-B0B8-1FDEEDE39BE7}.Debug|x64.Build.0 = Debug|Any CPU
		{8C1A0EE9-80E9-4075-B0B8-1FDEEDE39BE7}.Debug|x86.ActiveCfg = Debug|Any CPU
		{8C1A0EE9-80E9-4075-B0B8-1FDEEDE39BE7}.Debug|x86.Build.0 = Debug|Any CPU
		{8C1A0EE9-80E9-4075-B0B8-1FDEEDE39BE7}.Release|Any CPU.ActiveCfg = Release|Any CPU
		{8C1A0EE9-80E9-4075-B0B8-1FDEEDE39BE7}.Release|Any CPU.Build.0 = Release|Any CPU
		{8C1A0EE9-80E9-4075-B0B8-1FDEEDE39BE7}.Release|x64.ActiveCfg = Release|Any CPU
		{8C1A0EE9-80E9-4075-B0B8-1FDEEDE39BE7}.Release|x64.Build.0 = Release|Any CPU
		{8C1A0EE9-80E9-4075-B0B8-1FDEEDE39BE7}.Release|x86.ActiveCfg = Release|Any CPU
		{8C1A0EE9-80E9-4075-B0B8-1FDEEDE39BE7}.Release|x86.Build.0 = Release|Any CPU
		{A78E8C54-CF6B-49F2-A53D-F3BB21E5D702}.Debug|Any CPU.ActiveCfg = Debug|Any CPU
		{A78E8C54-CF6B-49F2-A53D-F3BB21E5D702}.Debug|Any CPU.Build.0 = Debug|Any CPU
		{A78E8C54-CF6B-49F2-A53D-F3BB21E5D702}.Debug|x64.ActiveCfg = Debug|Any CPU
		{A78E8C54-CF6B-49F2-A53D-F3BB21E5D702}.Debug|x64.Build.0 = Debug|Any CPU
		{A78E8C54-CF6B-49F2-A53D-F3BB21E5D702}.Debug|x86.ActiveCfg = Debug|Any CPU
		{A78E8C54-CF6B-49F2-A53D-F3BB21E5D702}.Debug|x86.Build.0 = Debug|Any CPU
		{A78E8C54-CF6B-49F2-A53D-F3BB21E5D702}.Release|Any CPU.ActiveCfg = Release|Any CPU
		{A78E8C54-CF6B-49F2-A53D-F3BB21E5D702}.Release|Any CPU.Build.0 = Release|Any CPU
		{A78E8C54-CF6B-49F2-A53D-F3BB21E5D702}.Release|x64.ActiveCfg = Release|Any CPU
		{A78E8C54-CF6B-49F2-A53D-F3BB21E5D702}.Release|x64.Build.0 = Release|Any CPU
		{A78E8C54-CF6B-49F2-A53D-F3BB21E5D702}.Release|x86.ActiveCfg = Release|Any CPU
		{A78E8C54-CF6B-49F2-A53D-F3BB21E5D702}.Release|x86.Build.0 = Release|Any CPU
		{F964CAEC-04ED-4503-B5DB-42D58C4598C0}.Debug|Any CPU.ActiveCfg = Debug|Any CPU
		{F964CAEC-04ED-4503-B5DB-42D58C4598C0}.Debug|Any CPU.Build.0 = Debug|Any CPU
		{F964CAEC-04ED-4503-B5DB-42D58C4598C0}.Debug|x64.ActiveCfg = Debug|Any CPU
		{F964CAEC-04ED-4503-B5DB-42D58C4598C0}.Debug|x64.Build.0 = Debug|Any CPU
		{F964CAEC-04ED-4503-B5DB-42D58C4598C0}.Debug|x86.ActiveCfg = Debug|Any CPU
		{F964CAEC-04ED-4503-B5DB-42D58C4598C0}.Debug|x86.Build.0 = Debug|Any CPU
		{F964CAEC-04ED-4503-B5DB-42D58C4598C0}.Release|Any CPU.ActiveCfg = Release|Any CPU
		{F964CAEC-04ED-4503-B5DB-42D58C4598C0}.Release|Any CPU.Build.0 = Release|Any CPU
		{F964CAEC-04ED-4503-B5DB-42D58C4598C0}.Release|x64.ActiveCfg = Release|Any CPU
		{F964CAEC-04ED-4503-B5DB-42D58C4598C0}.Release|x64.Build.0 = Release|Any CPU
		{F964CAEC-04ED-4503-B5DB-42D58C4598C0}.Release|x86.ActiveCfg = Release|Any CPU
		{F964CAEC-04ED-4503-B5DB-42D58C4598C0}.Release|x86.Build.0 = Release|Any CPU
		{179BE804-DFAE-4C8E-9124-62A1D3B29D80}.Debug|Any CPU.ActiveCfg = Debug|Any CPU
		{179BE804-DFAE-4C8E-9124-62A1D3B29D80}.Debug|Any CPU.Build.0 = Debug|Any CPU
		{179BE804-DFAE-4C8E-9124-62A1D3B29D80}.Debug|x64.ActiveCfg = Debug|Any CPU
		{179BE804-DFAE-4C8E-9124-62A1D3B29D80}.Debug|x64.Build.0 = Debug|Any CPU
		{179BE804-DFAE-4C8E-9124-62A1D3B29D80}.Debug|x86.ActiveCfg = Debug|Any CPU
		{179BE804-DFAE-4C8E-9124-62A1D3B29D80}.Debug|x86.Build.0 = Debug|Any CPU
		{179BE804-DFAE-4C8E-9124-62A1D3B29D80}.Release|Any CPU.ActiveCfg = Release|Any CPU
		{179BE804-DFAE-4C8E-9124-62A1D3B29D80}.Release|Any CPU.Build.0 = Release|Any CPU
		{179BE804-DFAE-4C8E-9124-62A1D3B29D80}.Release|x64.ActiveCfg = Release|Any CPU
		{179BE804-DFAE-4C8E-9124-62A1D3B29D80}.Release|x64.Build.0 = Release|Any CPU
		{179BE804-DFAE-4C8E-9124-62A1D3B29D80}.Release|x86.ActiveCfg = Release|Any CPU
		{179BE804-DFAE-4C8E-9124-62A1D3B29D80}.Release|x86.Build.0 = Release|Any CPU
	EndGlobalSection
	GlobalSection(SolutionProperties) = preSolution
		HideSolutionNode = FALSE
	EndGlobalSection
	GlobalSection(NestedProjects) = preSolution
		{8D626EA8-CB54-BC41-363A-217881BEBA6E} = {827E0CD3-B72D-47B6-A68D-7590B98EB39B}
		{C95FECD1-B133-4361-87F5-8E27FA5A7A72} = {8D626EA8-CB54-BC41-363A-217881BEBA6E}
		{D886D26E-ACDB-4FBC-88B2-BBB2AA6AEF49} = {8D626EA8-CB54-BC41-363A-217881BEBA6E}
		{9048EB7F-3875-A59E-E36B-5BD4C6F2A282} = {827E0CD3-B72D-47B6-A68D-7590B98EB39B}
		{63E65FD9-17FC-4C23-A218-ABB0E89691BE} = {9048EB7F-3875-A59E-E36B-5BD4C6F2A282}
		{6996BBF7-DB31-59BC-C7DD-9A7CCC6138C4} = {827E0CD3-B72D-47B6-A68D-7590B98EB39B}
		{E6AEBBAE-C095-4FBD-A1BB-5994F1AB6B8C} = {6996BBF7-DB31-59BC-C7DD-9A7CCC6138C4}
		{B1B681FA-BC65-45D9-8F3C-A9C9B8103EA1} = {6996BBF7-DB31-59BC-C7DD-9A7CCC6138C4}
		{62607C1B-89B3-46FE-ACC0-AFB0507B718F} = {6996BBF7-DB31-59BC-C7DD-9A7CCC6138C4}
		{52BF7FB6-37FF-5100-EFD1-124EFF302675} = {827E0CD3-B72D-47B6-A68D-7590B98EB39B}
		{54CD599B-27A4-4902-8CA3-E216F3121B04} = {52BF7FB6-37FF-5100-EFD1-124EFF302675}
		{D0B9837B-7C6B-44D8-90D4-F0A27FA00C01} = {0AB3BF05-4346-4AA6-1389-037BE0695223}
		{8C1A0EE9-80E9-4075-B0B8-1FDEEDE39BE7} = {0AB3BF05-4346-4AA6-1389-037BE0695223}
		{A78E8C54-CF6B-49F2-A53D-F3BB21E5D702} = {0AB3BF05-4346-4AA6-1389-037BE0695223}
		{F964CAEC-04ED-4503-B5DB-42D58C4598C0} = {0AB3BF05-4346-4AA6-1389-037BE0695223}
		{179BE804-DFAE-4C8E-9124-62A1D3B29D80} = {8D626EA8-CB54-BC41-363A-217881BEBA6E}
	EndGlobalSection
EndGlobal
